
Microsoft Visual Studio Solution File, Format Version 12.00
# Visual Studio Version 17
VisualStudioVersion = 17.0.31903.59
MinimumVisualStudioVersion = 10.0.40219.1
Project("{FAE04EC0-301F-11D3-BF4B-00C04F79EFBC}") = "02 Decomposing URLs", "02 Decomposing URLs\02 Decomposing URLs.csproj", "{66B76150-1C63-4F03-80CB-BA1BEF9F12F7}"
EndProject
Global
	GlobalSection(SolutionConfigurationPlatforms) = preSolution
		Debug|Any CPU = Debug|Any CPU
		Release|Any CPU = Release|Any CPU
	EndGlobalSection
	GlobalSection(ProjectConfigurationPlatforms) = postSolution
		{66B76150-1C63-4F03-80CB-BA1BEF9F12F7}.Debug|Any CPU.ActiveCfg = Debug|Any CPU
		{66B76150-1C63-4F03-80CB-BA1BEF9F12F7}.Debug|Any CPU.Build.0 = Debug|Any CPU
		{66B76150-1C63-4F03-80CB-BA1BEF9F12F7}.Release|Any CPU.ActiveCfg = Release|Any CPU
		{66B76150-1C63-4F03-80CB-BA1BEF9F12F7}.Release|Any CPU.Build.0 = Release|Any CPU
	EndGlobalSection
	GlobalSection(SolutionProperties) = preSolution
		HideSolutionNode = FALSE
	EndGlobalSection
	GlobalSection(ExtensibilityGlobals) = postSolution
		SolutionGuid = {D7D6688E-F600-4D35-BF3E-65F15E2AD84C}
	EndGlobalSection
EndGlobal
